{
  "name": "mybricks-webview",
  "version": "0.0.9",
  "lockfileVersion": 3,
  "requires": true,
  "packages": {
    "": {
      "name": "mybricks-webview",
      "version": "0.0.9",
      "dependencies": {
        "@mybricks/to-code-taro": "^1.1.2"
      },
      "engines": {
        "vscode": "^1.60.0"
      }
    },
    "node_modules/@babel/runtime": {
      "version": "7.28.6",
      "resolved": "https://registry.npmmirror.com/@babel/runtime/-/runtime-7.28.6.tgz",
      "integrity": "sha512-05WQkdpL9COIMz4LjTxGpPNCdlpyimKppYNoJ5Di5EUObifl8t4tuLuUBBZEpoLYOmfvIWrsp9fCl0HoPRVTdA==",
      "license": "MIT",
      "engines": {
        "node": ">=6.9.0"
      }
    },
    "node_modules/@mybricks/to-code-react": {
      "version": "0.0.5-next.160",
      "resolved": "https://registry.npmmirror.com/@mybricks/to-code-react/-/to-code-react-0.0.5-next.160.tgz",
      "integrity": "sha512-ANaMmVkcfjIuF9DAr0N5B3GZ1QxVru2gBMKlhwS7UVIpO7AowvWdkLyshKpTTSSyEwSsggx/mI7PRD/5bER66w==",
      "license": "MIT",
      "dependencies": {
        "@babel/runtime": "^7.26.0"
      }
    },
    "node_modules/@mybricks/to-code-taro": {
      "version": "1.1.2",
      "resolved": "https://registry.npmjs.org/@mybricks/to-code-taro/-/to-code-taro-1.1.2.tgz",
      "integrity": "sha512-PV/nttLFyIScYunlqt5DH3RShzvnRiReh4687HYdaZYw/dVl1B+ZyQReSil+GtFHfhbmrowiDdwYEAoX4fIPbA==",
      "license": "ISC",
      "dependencies": {
        "@babel/runtime": "^7.26.0",
        "@mybricks/to-code-react": "^0.0.5-next.160",
        "@types/crypto-js": "^4.2.2",
        "crypto-js": "^4.2.0"
      },
      "peerDependencies": {
        "@mybricks/code-next": "*",
        "@tarojs/components": "*",
        "@tarojs/taro": "*",
        "react": "*"
      },
      "peerDependenciesMeta": {
        "@mybricks/code-next": {
          "optional": true
        },
        "@tarojs/components": {
          "optional": true
        },
        "@tarojs/taro": {
          "optional": true
        },
        "react": {
          "optional": true
        }
      }
    },
    "node_modules/@types/crypto-js": {
      "version": "4.2.2",
      "resolved": "https://registry.npmmirror.com/@types/crypto-js/-/crypto-js-4.2.2.tgz",
      "integrity": "sha512-sDOLlVbHhXpAUAL0YHDUUwDZf3iN4Bwi4W6a0W0b+QcAezUbRtH4FVb+9J4h+XFPW7l/gQ9F8qC7P+Ec4k8QVQ==",
      "license": "MIT"
    },
    "node_modules/crypto-js": {
      "version": "4.2.0",
      "resolved": "https://registry.npmmirror.com/crypto-js/-/crypto-js-4.2.0.tgz",
      "integrity": "sha512-KALDyEYgpY+Rlob/iriUtjV6d5Eq+Y191A5g4UqLAi8CyGP9N1+FdVbkc1SxKc2r4YAYqG8JzO2KGL+AizD70Q==",
      "license": "MIT"
    }
  }
}
