{
  "name": "mybricks-webview",
  "version": "0.0.1",
  "lockfileVersion": 3,
  "requires": true,
  "packages": {
    "": {
      "name": "mybricks-webview",
      "version": "0.0.1",
      "dependencies": {
        "@mybricks/to-code-taro": "^1.0.2"
      },
      "engines": {
        "vscode": "^1.60.0"
      }
    },
    "node_modules/@babel/runtime": {
      "version": "7.28.4",
      "resolved": "https://registry.npmmirror.com/@babel/runtime/-/runtime-7.28.4.tgz",
      "integrity": "sha512-Q/N6JNWvIvPnLDvjlE1OUBLPQHH6l3CltCEsHIujp45zQUSSh8K+gHnaEX45yAT1nyngnINhvWtzN+Nb9D8RAQ==",
      "license": "MIT",
      "engines": {
        "node": ">=6.9.0"
      }
    },
    "node_modules/@mybricks/to-code-react": {
      "version": "0.0.5-next.160",
      "resolved": "https://registry.npmmirror.com/@mybricks/to-code-react/-/to-code-react-0.0.5-next.160.tgz",
      "integrity": "sha512-ANaMmVkcfjIuF9DAr0N5B3GZ1QxVru2gBMKlhwS7UVIpO7AowvWdkLyshKpTTSSyEwSsggx/mI7PRD/5bER66w==",
      "license": "MIT",
      "dependencies": {
        "@babel/runtime": "^7.26.0"
      }
    },
    "node_modules/@mybricks/to-code-taro": {
      "version": "1.0.2",
      "resolved": "https://registry.npmmirror.com/@mybricks/to-code-taro/-/to-code-taro-1.0.2.tgz",
      "integrity": "sha512-Vr5L9ED0A4r0LQ+6t+DRj4fuPk002UrTqnkmqxx5fASMdqq+568dnqQ2h5+X6Iw7n3RC9GESUB+FdJSpo2Fdtg==",
      "license": "ISC",
      "dependencies": {
        "@babel/runtime": "^7.26.0",
        "@mybricks/to-code-react": "^0.0.5-next.160"
      },
      "peerDependencies": {
        "@mybricks/code-next": "*",
        "@tarojs/components": "*",
        "@tarojs/taro": "*",
        "react": "*"
      },
      "peerDependenciesMeta": {
        "@mybricks/code-next": {
          "optional": true
        },
        "@tarojs/components": {
          "optional": true
        },
        "@tarojs/taro": {
          "optional": true
        },
        "react": {
          "optional": true
        }
      }
    }
  }
}
